Microsoft Visual Studio Solution File, Format Version 12.00
# Visual Studio 2012
Project("{FAE04EC0-301F-11D3-BF4B-00C04F79EFBC}") = "Squash the Creeps (3D)", "Squash the Creeps (3D).csproj", "{D9050CD6-9F92-43CF-BFE0-40155399D913}"
EndProject
Global
	GlobalSection(SolutionConfigurationPlatforms) = preSolution
	Debug|Any CPU = Debug|Any CPU
	ExportDebug|Any CPU = ExportDebug|Any CPU
	ExportRelease|Any CPU = ExportRelease|Any CPU
	EndGlobalSection
	GlobalSection(ProjectConfigurationPlatforms) = postSolution
		{D9050CD6-9F92-43CF-BFE0-40155399D913}.Debug|Any CPU.ActiveCfg = Debug|Any CPU
		{D9050CD6-9F92-43CF-BFE0-40155399D913}.Debug|Any CPU.Build.0 = Debug|Any CPU
		{D9050CD6-9F92-43CF-BFE0-40155399D913}.ExportDebug|Any CPU.ActiveCfg = ExportDebug|Any CPU
		{D9050CD6-9F92-43CF-BFE0-40155399D913}.ExportDebug|Any CPU.Build.0 = ExportDebug|Any CPU
		{D9050CD6-9F92-43CF-BFE0-40155399D913}.ExportRelease|Any CPU.ActiveCfg = ExportRelease|Any CPU
		{D9050CD6-9F92-43CF-BFE0-40155399D913}.ExportRelease|Any CPU.Build.0 = ExportRelease|Any CPU
	EndGlobalSection
EndGlobal
